// !$*UTF8*$!
{
	archiveVersion = 1;
	classes = {
	};
	objectVersion = 50;
	objects = {

/* Begin PBXBuildFile section */
		556DF139213D9DBC00BBF6E2 /* AppDelegate.swift in Sources */ = {isa = PBXBuildFile; fileRef = 556DF138213D9DBC00BBF6E2 /* AppDelegate.swift */; };
		556DF13B213D9DBC00BBF6E2 /* ViewController.swift in Sources */ = {isa = PBXBuildFile; fileRef = 556DF13A213D9DBC00BBF6E2 /* ViewController.swift */; };
		556DF13E213D9DBC00BBF6E2 /* Main.storyboard in Resources */ = {isa = PBXBuildFile; fileRef = 556DF13C213D9DBC00BBF6E2 /* Main.storyboard */; };
		556DF140213D9DC400BBF6E2 /* Assets.xcassets in Resources */ = {isa = PBXBuildFile; fileRef = 556DF13F213D9DC400BBF6E2 /* Assets.xcassets */; };
		556DF143213D9DC400BBF6E2 /* LaunchScreen.storyboard in Resources */ = {isa = PBXBuildFile; fileRef = 556DF141213D9DC400BBF6E2 /* LaunchScreen.storyboard */; };
		AD4A2D2797BCB49558EEE7F7 /* Pods_ColorView2.framework in Frameworks */ = {isa = PBXBuildFile; fileRef = 9188FD0589DA90BE1EC0F6DD /* Pods_ColorView2.framework */; };
/* End PBXBuildFile section */

/* Begin PBXFileReference section */
		535D4F7DA94B35DBD50D5396 /* Pods-ColorView2.release.xcconfig */ = {isa = PBXFileReference; includeInIndex = 1; lastKnownFileType = text.xcconfig; name = "Pods-ColorView2.release.xcconfig"; path = "Pods/Target Support Files/Pods-ColorView2/Pods-ColorView2.release.xcconfig"; sourceTree = "<group>"; };
		556DF135213D9DBC00BBF6E2 /* ColorView2.app */ = {isa = PBXFileReference; explicitFileType = wrapper.application; includeInIndex = 0; path = ColorView2.app; sourceTree = BUILT_PRODUCTS_DIR; };
		556DF138213D9DBC00BBF6E2 /* AppDelegate.swift */ = {isa = PBXFileReference; lastKnownFileType = sourcecode.swift; path = AppDelegate.swift; sourceTree = "<group>"; };
		556DF13A213D9DBC00BBF6E2 /* ViewController.swift */ = {isa = PBXFileReference; lastKnownFileType = sourcecode.swift; path = ViewController.swift; sourceTree = "<group>"; };
		556DF13D213D9DBC00BBF6E2 /* Base */ = {isa = PBXFileReference; lastKnownFileType = file.storyboard; name = Base; path = Base.lproj/Main.storyboard; sourceTree = "<group>"; };
		556DF13F213D9DC400BBF6E2 /* Assets.xcassets */ = {isa = PBXFileReference; lastKnownFileType = folder.assetcatalog; path = Assets.xcassets; sourceTree = "<group>"; };
		556DF142213D9DC400BBF6E2 /* Base */ = {isa = PBXFileReference; lastKnownFileType = file.storyboard; name = Base; path = Base.lproj/LaunchScreen.storyboard; sourceTree = "<group>"; };
		556DF144213D9DC400BBF6E2 /* Info.plist */ = {isa = PBXFileReference; lastKnownFileType = text.plist.xml; path = Info.plist; sourceTree = "<group>"; };
		9188FD0589DA90BE1EC0F6DD /* Pods_ColorView2.framework */ = {isa = PBXFileReference; explicitFileType = wrapper.framework; includeInIndex = 0; path = Pods_ColorView2.framework; sourceTree = BUILT_PRODUCTS_DIR; };
		A7C2151991FBDC8E882E9204 /* Pods-ColorView2.debug.xcconfig */ = {isa = PBXFileReference; includeInIndex = 1; lastKnownFileType = text.xcconfig; name = "Pods-ColorView2.debug.xcconfig"; path = "Pods/Target Support Files/Pods-ColorView2/Pods-ColorView2.debug.xcconfig"; sourceTree = "<group>"; };
/* End PBXFileReference section */

/* Begin PBXFrameworksBuildPhase section */
		556DF132213D9DBC00BBF6E2 /* Frameworks */ = {
			isa = PBXFrameworksBuildPhase;
			buildActionMask = 2147483647;
			files = (
				AD4A2D2797BCB49558EEE7F7 /* Pods_ColorView2.framework in Frameworks */,
			);
			runOnlyForDeploymentPostprocessing = 0;
		};
/* End PBXFrameworksBuildPhase section */

/* Begin PBXGroup section */
		4B79FB522D1FF3C6F9D15D99 /* Frameworks */ = {
			isa = PBXGroup;
			children = (
				9188FD0589DA90BE1EC0F6DD /* Pods_ColorView2.framework */,
			);
			name = Frameworks;
			sourceTree = "<group>";
		};
		556DF12C213D9DBC00BBF6E2 = {
			isa = PBXGroup;
			children = (
				556DF137213D9DBC00BBF6E2 /* ColorView2 */,
				556DF136213D9DBC00BBF6E2 /* Products */,
				E5F405CB21823F9AC90AFEA5 /* Pods */,
				4B79FB522D1FF3C6F9D15D99 /* Frameworks */,
			);
			sourceTree = "<group>";
		};
		556DF136213D9DBC00BBF6E2 /* Products */ = {
			isa = PBXGroup;
			children = (
				556DF135213D9DBC00BBF6E2 /* ColorView2.app */,
			);
			name = Products;
			sourceTree = "<group>";
		};
		556DF137213D9DBC00BBF6E2 /* ColorView2 */ = {
			isa = PBXGroup;
			children = (
				556DF138213D9DBC00BBF6E2 /* AppDelegate.swift */,
				556DF13A213D9DBC00BBF6E2 /* ViewController.swift */,
				556DF13C213D9DBC00BBF6E2 /* Main.storyboard */,
				556DF13F213D9DC400BBF6E2 /* Assets.xcassets */,
				556DF141213D9DC400BBF6E2 /* LaunchScreen.storyboard */,
				556DF144213D9DC400BBF6E2 /* Info.plist */,
			);
			path = ColorView2;
			sourceTree = "<group>";
		};
		E5F405CB21823F9AC90AFEA5 /* Pods */ = {
			isa = PBXGroup;
			children = (
				A7C2151991FBDC8E882E9204 /* Pods-ColorView2.debug.xcconfig */,
				535D4F7DA94B35DBD50D5396 /* Pods-ColorView2.release.xcconfig */,
			);
			name = Pods;
			sourceTree = "<group>";
		};
/* End PBXGroup section */

/* Begin PBXNativeTarget section */
		556DF134213D9DBC00BBF6E2 /* ColorView2 */ = {
			isa = PBXNativeTarget;
			buildConfigurationList = 556DF147213D9DC400BBF6E2 /* Build configuration list for PBXNativeTarget "ColorView2" */;
			buildPhases = (
				A850578E3C300254BEDF6ABA /* [CP] Check Pods Manifest.lock */,
				556DF131213D9DBC00BBF6E2 /* Sources */,
				556DF132213D9DBC00BBF6E2 /* Frameworks */,
				556DF133213D9DBC00BBF6E2 /* Resources */,
				6C64747A5C8E8029E5B6EB3C /* [CP] Embed Pods Frameworks */,
			);
			buildRules = (
			);
			dependencies = (
			);
			name = ColorView2;
			productName = ColorView2;
			productReference = 556DF135213D9DBC00BBF6E2 /* ColorView2.app */;
			productType = "com.apple.product-type.application";
		};
/* End PBXNativeTarget section */

/* Begin PBXProject section */
		556DF12D213D9DBC00BBF6E2 /* Project object */ = {
			isa = PBXProject;
			attributes = {
				LastSwiftUpdateCheck = 0940;
				LastUpgradeCheck = 0940;
				ORGANIZATIONNAME = markmota;
				TargetAttributes = {
					556DF134213D9DBC00BBF6E2 = {
						CreatedOnToolsVersion = 9.4.1;
					};
				};
			};
			buildConfigurationList = 556DF130213D9DBC00BBF6E2 /* Build configuration list for PBXProject "ColorView2" */;
			compatibilityVersion = "Xcode 9.3";
			developmentRegion = en;
			hasScannedForEncodings = 0;
			knownRegions = (
				en,
				Base,
			);
			mainGroup = 556DF12C213D9DBC00BBF6E2;
			productRefGroup = 556DF136213D9DBC00BBF6E2 /* Products */;
			projectDirPath = "";
			projectRoot = "";
			targets = (
				556DF134213D9DBC00BBF6E2 /* ColorView2 */,
			);
		};
/* End PBXProject section */

/* Begin PBXResourcesBuildPhase section */
		556DF133213D9DBC00BBF6E2 /* Resources */ = {
			isa = PBXResourcesBuildPhase;
			buildActionMask = 2147483647;
			files = (
				556DF143213D9DC400BBF6E2 /* LaunchScreen.storyboard in Resources */,
				556DF140213D9DC400BBF6E2 /* Assets.xcassets in Resources */,
				556DF13E213D9DBC00BBF6E2 /* Main.storyboard in Resources */,
			);
			runOnlyForDeploymentPostprocessing = 0;
		};
/* End PBXResourcesBuildPhase section */

/* Begin PBXShellScriptBuildPhase section */
		6C64747A5C8E8029E5B6EB3C /* [CP] Embed Pods Frameworks */ = {
			isa = PBXShellScriptBuildPhase;
			buildActionMask = 2147483647;
			files = (
			);
			inputPaths = (
				"${SRCROOT}/Pods/Target Support Files/Pods-ColorView2/Pods-ColorView2-frameworks.sh",
				"${BUILT_PRODUCTS_DIR}/AWSCore/AWSCore.framework",
			);
			name = "[CP] Embed Pods Frameworks";
			outputPaths = (
				"${TARGET_BUILD_DIR}/${FRAMEWORKS_FOLDER_PATH}/AWSCore.framework",
			);
			runOnlyForDeploymentPostprocessing = 0;
			shellPath = /bin/sh;
			shellScript = "\"${SRCROOT}/Pods/Target Support Files/Pods-ColorView2/Pods-ColorView2-frameworks.sh\"\n";
			showEnvVarsInLog = 0;
		};
		A850578E3C300254BEDF6ABA /* [CP] Check Pods Manifest.lock */ = {
			isa = PBXShellScriptBuildPhase;
			buildActionMask = 2147483647;
			files = (
			);
			inputPaths = (
				"${PODS_PODFILE_DIR_PATH}/Podfile.lock",
				"${PODS_ROOT}/Manifest.lock",
			);
			name = "[CP] Check Pods Manifest.lock";
			outputPaths = (
				"$(DERIVED_FILE_DIR)/Pods-ColorView2-checkManifestLockResult.txt",
			);
			runOnlyForDeploymentPostprocessing = 0;
			shellPath = /bin/sh;
			shellScript = "diff \"${PODS_PODFILE_DIR_PATH}/Podfile.lock\" \"${PODS_ROOT}/Manifest.lock\" > /dev/null\nif [ $? != 0 ] ; then\n    # print error to STDERR\n    echo \"error: The sandbox is not in sync with the Podfile.lock. Run 'pod install' or update your CocoaPods installation.\" >&2\n    exit 1\nfi\n# This output is used by Xcode 'outputs' to avoid re-running this script phase.\necho \"SUCCESS\" > \"${SCRIPT_OUTPUT_FILE_0}\"\n";
			showEnvVarsInLog = 0;
		};
/* End PBXShellScriptBuildPhase section */

/* Begin PBXSourcesBuildPhase section */
		556DF131213D9DBC00BBF6E2 /* Sources */ = {
			isa = PBXSourcesBuildPhase;
			buildActionMask = 2147483647;
			files = (
				556DF13B213D9DBC00BBF6E2 /* ViewController.swift in Sources */,
				556DF139213D9DBC00BBF6E2 /* AppDelegate.swift in Sources */,
			);
			runOnlyForDeploymentPostprocessing = 0;
		};
/* End PBXSourcesBuildPhase section */

/* Begin PBXVariantGroup section */
		556DF13C213D9DBC00BBF6E2 /* Main.storyboard */ = {
			isa = PBXVariantGroup;
			children = (
				556DF13D213D9DBC00BBF6E2 /* Base */,
			);
			name = Main.storyboard;
			sourceTree = "<group>";
		};
		556DF141213D9DC400BBF6E2 /* LaunchScreen.storyboard */ = {
			isa = PBXVariantGroup;
			children = (
				556DF142213D9DC400BBF6E2 /* Base */,
			);
			name = LaunchScreen.storyboard;
			sourceTree = "<group>";
		};
/* End PBXVariantGroup section */

/* Begin XCBuildConfiguration section */
		556DF145213D9DC400BBF6E2 /* Debug */ = {
			isa = XCBuildConfiguration;
			buildSettings = {
				ALWAYS_SEARCH_USER_PATHS = NO;
				CLANG_ANALYZER_NONNULL = YES;
				CLANG_ANALYZER_NUMBER_OBJECT_CONVERSION = YES_AGGRESSIVE;
				CLANG_CXX_LANGUAGE_STANDARD = "gnu++14";
				CLANG_CXX_LIBRARY = "libc++";
				CLANG_ENABLE_MODULES = YES;
				CLANG_ENABLE_OBJC_ARC = YES;
				CLANG_ENABLE_OBJC_WEAK = YES;
				CLANG_WARN_BLOCK_CAPTURE_AUTORELEASING = YES;
				CLANG_WARN_BOOL_CONVERSION = YES;
				CLANG_WARN_COMMA = YES;
				CLANG_WARN_CONSTANT_CONVERSION = YES;
				CLANG_WARN_DEPRECATED_OBJC_IMPLEMENTATIONS = YES;
				CLANG_WARN_DIRECT_OBJC_ISA_USAGE = YES_ERROR;
				CLANG_WARN_DOCUMENTATION_COMMENTS = YES;
				CLANG_WARN_EMPTY_BODY = YES;
				CLANG_WARN_ENUM_CONVERSION = YES;
				CLANG_WARN_INFINITE_RECURSION = YES;
				CLANG_WARN_INT_CONVERSION = YES;
				CLANG_WARN_NON_LITERAL_NULL_CONVERSION = YES;
				CLANG_WARN_OBJC_IMPLICIT_RETAIN_SELF = YES;
				CLANG_WARN_OBJC_LITERAL_CONVERSION = YES;
				CLANG_WARN_OBJC_ROOT_CLASS = YES_ERROR;
				CLANG_WARN_RANGE_LOOP_ANALYSIS = YES;
				CLANG_WARN_STRICT_PROTOTYPES = YES;
				CLANG_WARN_SUSPICIOUS_MOVE = YES;
				CLANG_WARN_UNGUARDED_AVAILABILITY = YES_AGGRESSIVE;
				CLANG_WARN_UNREACHABLE_CODE = YES;
				CLANG_WARN__DUPLICATE_METHOD_MATCH = YES;
				CODE_SIGN_IDENTITY = "iPhone Developer";
				COPY_PHASE_STRIP = NO;
				DEBUG_INFORMATION_FORMAT = dwarf;
				ENABLE_STRICT_OBJC_MSGSEND = YES;
				ENABLE_TESTABILITY = YES;
				GCC_C_LANGUAGE_STANDARD = gnu11;
				GCC_DYNAMIC_NO_PIC = NO;
				GCC_NO_COMMON_BLOCKS = YES;
				GCC_OPTIMIZATION_LEVEL = 0;
				GCC_PREPROCESSOR_DEFINITIONS = (
					"DEBUG=1",
					"$(inherited)",
				);
				GCC_WARN_64_TO_32_BIT_CONVERSION = YES;
				GCC_WARN_ABOUT_RETURN_TYPE = YES_ERROR;
				GCC_WARN_UNDECLARED_SELECTOR = YES;
				GCC_WARN_UNINITIALIZED_AUTOS = YES_AGGRESSIVE;
				GCC_WARN_UNUSED_FUNCTION = YES;
				GCC_WARN_UNUSED_VARIABLE = YES;
				IPHONEOS_DEPLOYMENT_TARGET = 11.4;
				MTL_ENABLE_DEBUG_INFO = YES;
				ONLY_ACTIVE_ARCH = YES;
				SDKROOT = iphoneos;
				SWIFT_ACTIVE_COMPILATION_CONDITIONS = DEBUG;
				SWIFT_OPTIMIZATION_LEVEL = "-Onone";
			};
			name = Debug;
		};
		556DF146213D9DC400BBF6E2 /* Release */ = {
			isa = XCBuildConfiguration;
			buildSettings = {
				ALWAYS_SEARCH_USER_PATHS = NO;
				CLANG_ANALYZER_NONNULL = YES;
				CLANG_ANALYZER_NUMBER_OBJECT_CONVERSION = YES_AGGRESSIVE;
				CLANG_CXX_LANGUAGE_STANDARD = "gnu++14";
				CLANG_CXX_LIBRARY = "libc++";
				CLANG_ENABLE_MODULES = YES;
				CLANG_ENABLE_OBJC_ARC = YES;
				CLANG_ENABLE_OBJC_WEAK = YES;
				CLANG_WARN_BLOCK_CAPTURE_AUTORELEASING = YES;
				CLANG_WARN_BOOL_CONVERSION = YES;
				CLANG_WARN_COMMA = YES;
				CLANG_WARN_CONSTANT_CONVERSION = YES;
				CLANG_WARN_DEPRECATED_OBJC_IMPLEMENTATIONS = YES;
				CLANG_WARN_DIRECT_OBJC_ISA_USAGE = YES_ERROR;
				CLANG_WARN_DOCUMENTATION_COMMENTS = YES;
				CLANG_WARN_EMPTY_BODY = YES;
				CLANG_WARN_ENUM_CONVERSION = YES;
				CLANG_WARN_INFINITE_RECURSION = YES;
				CLANG_WARN_INT_CONVERSION = YES;
				CLANG_WARN_NON_LITERAL_NULL_CONVERSION = YES;
				CLANG_WARN_OBJC_IMPLICIT_RETAIN_SELF = YES;
				CLANG_WARN_OBJC_LITERAL_CONVERSION = YES;
				CLANG_WARN_OBJC_ROOT_CLASS = YES_ERROR;
				CLANG_WARN_RANGE_LOOP_ANALYSIS = YES;
				CLANG_WARN_STRICT_PROTOTYPES = YES;
				CLANG_WARN_SUSPICIOUS_MOVE = YES;
				CLANG_WARN_UNGUARDED_AVAILABILITY = YES_AGGRESSIVE;
				CLANG_WARN_UNREACHABLE_CODE = YES;
				CLANG_WARN__DUPLICATE_METHOD_MATCH = YES;
				CODE_SIGN_IDENTITY = "iPhone Developer";
				COPY_PHASE_STRIP = NO;
				DEBUG_INFORMATION_FORMAT = "dwarf-with-dsym";
				ENABLE_NS_ASSERTIONS = NO;
				ENABLE_STRICT_OBJC_MSGSEND = YES;
				GCC_C_LANGUAGE_STANDARD = gnu11;
				GCC_NO_COMMON_BLOCKS = YES;
				GCC_WARN_64_TO_32_BIT_CONVERSION = YES;
				GCC_WARN_ABOUT_RETURN_TYPE = YES_ERROR;
				GCC_WARN_UNDECLARED_SELECTOR = YES;
				GCC_WARN_UNINITIALIZED_AUTOS = YES_AGGRESSIVE;
				GCC_WARN_UNUSED_FUNCTION = YES;
				GCC_WARN_UNUSED_VARIABLE = YES;
				IPHONEOS_DEPLOYMENT_TARGET = 11.4;
				MTL_ENABLE_DEBUG_INFO = NO;
				SDKROOT = iphoneos;
				SWIFT_COMPILATION_MODE = wholemodule;
				SWIFT_OPTIMIZATION_LEVEL = "-O";
				VALIDATE_PRODUCT = YES;
			};
			name = Release;
		};
		556DF148213D9DC400BBF6E2 /* Debug */ = {
			isa = XCBuildConfiguration;
			baseConfigurationReference = A7C2151991FBDC8E882E9204 /* Pods-ColorView2.debug.xcconfig */;
			buildSettings = {
				ASSETCATALOG_COMPILER_APPICON_NAME = AppIcon;
				CODE_SIGN_STYLE = Automatic;
				DEVELOPMENT_TEAM = 277JQ5FG9P;
				INFOPLIST_FILE = ColorView2/Info.plist;
				LD_RUNPATH_SEARCH_PATHS = "$(inherited) @executable_path/Frameworks";
				PRODUCT_BUNDLE_IDENTIFIER = tk.markmota.ColorView2;
				PRODUCT_NAME = "$(TARGET_NAME)";
				SWIFT_VERSION = 4.0;
				TARGETED_DEVICE_FAMILY = "1,2";
			};
			name = Debug;
		};
		556DF149213D9DC400BBF6E2 /* Release */ = {
			isa = XCBuildConfiguration;
			baseConfigurationReference = 535D4F7DA94B35DBD50D5396 /* Pods-ColorView2.release.xcconfig */;
			buildSettings = {
				ASSETCATALOG_COMPILER_APPICON_NAME = AppIcon;
				CODE_SIGN_STYLE = Automatic;
				DEVELOPMENT_TEAM = 277JQ5FG9P;
				INFOPLIST_FILE = ColorView2/Info.plist;
				LD_RUNPATH_SEARCH_PATHS = "$(inherited) @executable_path/Frameworks";
				PRODUCT_BUNDLE_IDENTIFIER = tk.markmota.ColorView2;
				PRODUCT_NAME = "$(TARGET_NAME)";
				SWIFT_VERSION = 4.0;
				TARGETED_DEVICE_FAMILY = "1,2";
			};
			name = Release;
		};
/* End XCBuildConfiguration section */

/* Begin XCConfigurationList section */
		556DF130213D9DBC00BBF6E2 /* Build configuration list for PBXProject "ColorView2" */ = {
			isa = XCConfigurationList;
			buildConfigurations = (
				556DF145213D9DC400BBF6E2 /* Debug */,
				556DF146213D9DC400BBF6E2 /* Release */,
			);
			defaultConfigurationIsVisible = 0;
			defaultConfigurationName = Release;
		};
		556DF147213D9DC400BBF6E2 /* Build configuration list for PBXNativeTarget "ColorView2" */ = {
			isa = XCConfigurationList;
			buildConfigurations = (
				556DF148213D9DC400BBF6E2 /* Debug */,
				556DF149213D9DC400BBF6E2 /* Release */,
			);
			defaultConfigurationIsVisible = 0;
			defaultConfigurationName = Release;
		};
/* End XCConfigurationList section */
	};
	rootObject = 556DF12D213D9DBC00BBF6E2 /* Project object */;
}
