// !$*UTF8*$!
{
	archiveVersion = 1;
	classes = {
	};
	objectVersion = 50;
	objects = {

/* Begin PBXBuildFile section */
		5564C117217E41550053BAF3 /* AppDelegate.swift in Sources */ = {isa = PBXBuildFile; fileRef = 5564C116217E41550053BAF3 /* AppDelegate.swift */; };
		5564C119217E41550053BAF3 /* ViewController.swift in Sources */ = {isa = PBXBuildFile; fileRef = 5564C118217E41550053BAF3 /* ViewController.swift */; };
		5564C11C217E41550053BAF3 /* Main.storyboard in Resources */ = {isa = PBXBuildFile; fileRef = 5564C11A217E41550053BAF3 /* Main.storyboard */; };
		5564C11E217E415B0053BAF3 /* Assets.xcassets in Resources */ = {isa = PBXBuildFile; fileRef = 5564C11D217E415B0053BAF3 /* Assets.xcassets */; };
		5564C121217E415B0053BAF3 /* LaunchScreen.storyboard in Resources */ = {isa = PBXBuildFile; fileRef = 5564C11F217E415B0053BAF3 /* LaunchScreen.storyboard */; };
		5564C129217E44570053BAF3 /* ImageDownloader.swift in Sources */ = {isa = PBXBuildFile; fileRef = 5564C128217E44570053BAF3 /* ImageDownloader.swift */; };
		55E001EE2180E1DA0007CA8E /* ImageDownloaderDelegate.swift in Sources */ = {isa = PBXBuildFile; fileRef = 55E001ED2180E1DA0007CA8E /* ImageDownloaderDelegate.swift */; };
/* End PBXBuildFile section */

/* Begin PBXFileReference section */
		5564C113217E41550053BAF3 /* delegadosEj1.app */ = {isa = PBXFileReference; explicitFileType = wrapper.application; includeInIndex = 0; path = delegadosEj1.app; sourceTree = BUILT_PRODUCTS_DIR; };
		5564C116217E41550053BAF3 /* AppDelegate.swift */ = {isa = PBXFileReference; lastKnownFileType = sourcecode.swift; path = AppDelegate.swift; sourceTree = "<group>"; };
		5564C118217E41550053BAF3 /* ViewController.swift */ = {isa = PBXFileReference; lastKnownFileType = sourcecode.swift; path = ViewController.swift; sourceTree = "<group>"; };
		5564C11B217E41550053BAF3 /* Base */ = {isa = PBXFileReference; lastKnownFileType = file.storyboard; name = Base; path = Base.lproj/Main.storyboard; sourceTree = "<group>"; };
		5564C11D217E415B0053BAF3 /* Assets.xcassets */ = {isa = PBXFileReference; lastKnownFileType = folder.assetcatalog; path = Assets.xcassets; sourceTree = "<group>"; };
		5564C120217E415B0053BAF3 /* Base */ = {isa = PBXFileReference; lastKnownFileType = file.storyboard; name = Base; path = Base.lproj/LaunchScreen.storyboard; sourceTree = "<group>"; };
		5564C122217E415B0053BAF3 /* Info.plist */ = {isa = PBXFileReference; lastKnownFileType = text.plist.xml; path = Info.plist; sourceTree = "<group>"; };
		5564C128217E44570053BAF3 /* ImageDownloader.swift */ = {isa = PBXFileReference; lastKnownFileType = sourcecode.swift; path = ImageDownloader.swift; sourceTree = "<group>"; };
		55E001ED2180E1DA0007CA8E /* ImageDownloaderDelegate.swift */ = {isa = PBXFileReference; lastKnownFileType = sourcecode.swift; path = ImageDownloaderDelegate.swift; sourceTree = "<group>"; };
/* End PBXFileReference section */

/* Begin PBXFrameworksBuildPhase section */
		5564C110217E41550053BAF3 /* Frameworks */ = {
			isa = PBXFrameworksBuildPhase;
			buildActionMask = 2147483647;
			files = (
			);
			runOnlyForDeploymentPostprocessing = 0;
		};
/* End PBXFrameworksBuildPhase section */

/* Begin PBXGroup section */
		5564C10A217E41550053BAF3 = {
			isa = PBXGroup;
			children = (
				5564C115217E41550053BAF3 /* delegadosEj1 */,
				5564C114217E41550053BAF3 /* Products */,
			);
			sourceTree = "<group>";
		};
		5564C114217E41550053BAF3 /* Products */ = {
			isa = PBXGroup;
			children = (
				5564C113217E41550053BAF3 /* delegadosEj1.app */,
			);
			name = Products;
			sourceTree = "<group>";
		};
		5564C115217E41550053BAF3 /* delegadosEj1 */ = {
			isa = PBXGroup;
			children = (
				5564C116217E41550053BAF3 /* AppDelegate.swift */,
				5564C118217E41550053BAF3 /* ViewController.swift */,
				5564C11A217E41550053BAF3 /* Main.storyboard */,
				5564C11D217E415B0053BAF3 /* Assets.xcassets */,
				5564C11F217E415B0053BAF3 /* LaunchScreen.storyboard */,
				5564C122217E415B0053BAF3 /* Info.plist */,
				5564C128217E44570053BAF3 /* ImageDownloader.swift */,
				55E001ED2180E1DA0007CA8E /* ImageDownloaderDelegate.swift */,
			);
			path = delegadosEj1;
			sourceTree = "<group>";
		};
/* End PBXGroup section */

/* Begin PBXNativeTarget section */
		5564C112217E41550053BAF3 /* delegadosEj1 */ = {
			isa = PBXNativeTarget;
			buildConfigurationList = 5564C125217E415B0053BAF3 /* Build configuration list for PBXNativeTarget "delegadosEj1" */;
			buildPhases = (
				5564C10F217E41550053BAF3 /* Sources */,
				5564C110217E41550053BAF3 /* Frameworks */,
				5564C111217E41550053BAF3 /* Resources */,
			);
			buildRules = (
			);
			dependencies = (
			);
			name = delegadosEj1;
			productName = delegadosEj1;
			productReference = 5564C113217E41550053BAF3 /* delegadosEj1.app */;
			productType = "com.apple.product-type.application";
		};
/* End PBXNativeTarget section */

/* Begin PBXProject section */
		5564C10B217E41550053BAF3 /* Project object */ = {
			isa = PBXProject;
			attributes = {
				LastSwiftUpdateCheck = 0940;
				LastUpgradeCheck = 0940;
				ORGANIZATIONNAME = markmota;
				TargetAttributes = {
					5564C112217E41550053BAF3 = {
						CreatedOnToolsVersion = 9.4.1;
					};
				};
			};
			buildConfigurationList = 5564C10E217E41550053BAF3 /* Build configuration list for PBXProject "delegadosEj1" */;
			compatibilityVersion = "Xcode 9.3";
			developmentRegion = en;
			hasScannedForEncodings = 0;
			knownRegions = (
				en,
				Base,
			);
			mainGroup = 5564C10A217E41550053BAF3;
			productRefGroup = 5564C114217E41550053BAF3 /* Products */;
			projectDirPath = "";
			projectRoot = "";
			targets = (
				5564C112217E41550053BAF3 /* delegadosEj1 */,
			);
		};
/* End PBXProject section */

/* Begin PBXResourcesBuildPhase section */
		5564C111217E41550053BAF3 /* Resources */ = {
			isa = PBXResourcesBuildPhase;
			buildActionMask = 2147483647;
			files = (
				5564C121217E415B0053BAF3 /* LaunchScreen.storyboard in Resources */,
				5564C11E217E415B0053BAF3 /* Assets.xcassets in Resources */,
				5564C11C217E41550053BAF3 /* Main.storyboard in Resources */,
			);
			runOnlyForDeploymentPostprocessing = 0;
		};
/* End PBXResourcesBuildPhase section */

/* Begin PBXSourcesBuildPhase section */
		5564C10F217E41550053BAF3 /* Sources */ = {
			isa = PBXSourcesBuildPhase;
			buildActionMask = 2147483647;
			files = (
				5564C119217E41550053BAF3 /* ViewController.swift in Sources */,
				55E001EE2180E1DA0007CA8E /* ImageDownloaderDelegate.swift in Sources */,
				5564C129217E44570053BAF3 /* ImageDownloader.swift in Sources */,
				5564C117217E41550053BAF3 /* AppDelegate.swift in Sources */,
			);
			runOnlyForDeploymentPostprocessing = 0;
		};
/* End PBXSourcesBuildPhase section */

/* Begin PBXVariantGroup section */
		5564C11A217E41550053BAF3 /* Main.storyboard */ = {
			isa = PBXVariantGroup;
			children = (
				5564C11B217E41550053BAF3 /* Base */,
			);
			name = Main.storyboard;
			sourceTree = "<group>";
		};
		5564C11F217E415B0053BAF3 /* LaunchScreen.storyboard */ = {
			isa = PBXVariantGroup;
			children = (
				5564C120217E415B0053BAF3 /* Base */,
			);
			name = LaunchScreen.storyboard;
			sourceTree = "<group>";
		};
/* End PBXVariantGroup section */

/* Begin XCBuildConfiguration section */
		5564C123217E415B0053BAF3 /* Debug */ = {
			isa = XCBuildConfiguration;
			buildSettings = {
				ALWAYS_SEARCH_USER_PATHS = NO;
				CLANG_ANALYZER_NONNULL = YES;
				CLANG_ANALYZER_NUMBER_OBJECT_CONVERSION = YES_AGGRESSIVE;
				CLANG_CXX_LANGUAGE_STANDARD = "gnu++14";
				CLANG_CXX_LIBRARY = "libc++";
				CLANG_ENABLE_MODULES = YES;
				CLANG_ENABLE_OBJC_ARC = YES;
				CLANG_ENABLE_OBJC_WEAK = YES;
				CLANG_WARN_BLOCK_CAPTURE_AUTORELEASING = YES;
				CLANG_WARN_BOOL_CONVERSION = YES;
				CLANG_WARN_COMMA = YES;
				CLANG_WARN_CONSTANT_CONVERSION = YES;
				CLANG_WARN_DEPRECATED_OBJC_IMPLEMENTATIONS = YES;
				CLANG_WARN_DIRECT_OBJC_ISA_USAGE = YES_ERROR;
				CLANG_WARN_DOCUMENTATION_COMMENTS = YES;
				CLANG_WARN_EMPTY_BODY = YES;
				CLANG_WARN_ENUM_CONVERSION = YES;
				CLANG_WARN_INFINITE_RECURSION = YES;
				CLANG_WARN_INT_CONVERSION = YES;
				CLANG_WARN_NON_LITERAL_NULL_CONVERSION = YES;
				CLANG_WARN_OBJC_IMPLICIT_RETAIN_SELF = YES;
				CLANG_WARN_OBJC_LITERAL_CONVERSION = YES;
				CLANG_WARN_OBJC_ROOT_CLASS = YES_ERROR;
				CLANG_WARN_RANGE_LOOP_ANALYSIS = YES;
				CLANG_WARN_STRICT_PROTOTYPES = YES;
				CLANG_WARN_SUSPICIOUS_MOVE = YES;
				CLANG_WARN_UNGUARDED_AVAILABILITY = YES_AGGRESSIVE;
				CLANG_WARN_UNREACHABLE_CODE = YES;
				CLANG_WARN__DUPLICATE_METHOD_MATCH = YES;
				CODE_SIGN_IDENTITY = "iPhone Developer";
				COPY_PHASE_STRIP = NO;
				DEBUG_INFORMATION_FORMAT = dwarf;
				ENABLE_STRICT_OBJC_MSGSEND = YES;
				ENABLE_TESTABILITY = YES;
				GCC_C_LANGUAGE_STANDARD = gnu11;
				GCC_DYNAMIC_NO_PIC = NO;
				GCC_NO_COMMON_BLOCKS = YES;
				GCC_OPTIMIZATION_LEVEL = 0;
				GCC_PREPROCESSOR_DEFINITIONS = (
					"DEBUG=1",
					"$(inherited)",
				);
				GCC_WARN_64_TO_32_BIT_CONVERSION = YES;
				GCC_WARN_ABOUT_RETURN_TYPE = YES_ERROR;
				GCC_WARN_UNDECLARED_SELECTOR = YES;
				GCC_WARN_UNINITIALIZED_AUTOS = YES_AGGRESSIVE;
				GCC_WARN_UNUSED_FUNCTION = YES;
				GCC_WARN_UNUSED_VARIABLE = YES;
				IPHONEOS_DEPLOYMENT_TARGET = 11.4;
				MTL_ENABLE_DEBUG_INFO = YES;
				ONLY_ACTIVE_ARCH = YES;
				SDKROOT = iphoneos;
				SWIFT_ACTIVE_COMPILATION_CONDITIONS = DEBUG;
				SWIFT_OPTIMIZATION_LEVEL = "-Onone";
			};
			name = Debug;
		};
		5564C124217E415B0053BAF3 /* Release */ = {
			isa = XCBuildConfiguration;
			buildSettings = {
				ALWAYS_SEARCH_USER_PATHS = NO;
				CLANG_ANALYZER_NONNULL = YES;
				CLANG_ANALYZER_NUMBER_OBJECT_CONVERSION = YES_AGGRESSIVE;
				CLANG_CXX_LANGUAGE_STANDARD = "gnu++14";
				CLANG_CXX_LIBRARY = "libc++";
				CLANG_ENABLE_MODULES = YES;
				CLANG_ENABLE_OBJC_ARC = YES;
				CLANG_ENABLE_OBJC_WEAK = YES;
				CLANG_WARN_BLOCK_CAPTURE_AUTORELEASING = YES;
				CLANG_WARN_BOOL_CONVERSION = YES;
				CLANG_WARN_COMMA = YES;
				CLANG_WARN_CONSTANT_CONVERSION = YES;
				CLANG_WARN_DEPRECATED_OBJC_IMPLEMENTATIONS = YES;
				CLANG_WARN_DIRECT_OBJC_ISA_USAGE = YES_ERROR;
				CLANG_WARN_DOCUMENTATION_COMMENTS = YES;
				CLANG_WARN_EMPTY_BODY = YES;
				CLANG_WARN_ENUM_CONVERSION = YES;
				CLANG_WARN_INFINITE_RECURSION = YES;
				CLANG_WARN_INT_CONVERSION = YES;
				CLANG_WARN_NON_LITERAL_NULL_CONVERSION = YES;
				CLANG_WARN_OBJC_IMPLICIT_RETAIN_SELF = YES;
				CLANG_WARN_OBJC_LITERAL_CONVERSION = YES;
				CLANG_WARN_OBJC_ROOT_CLASS = YES_ERROR;
				CLANG_WARN_RANGE_LOOP_ANALYSIS = YES;
				CLANG_WARN_STRICT_PROTOTYPES = YES;
				CLANG_WARN_SUSPICIOUS_MOVE = YES;
				CLANG_WARN_UNGUARDED_AVAILABILITY = YES_AGGRESSIVE;
				CLANG_WARN_UNREACHABLE_CODE = YES;
				CLANG_WARN__DUPLICATE_METHOD_MATCH = YES;
				CODE_SIGN_IDENTITY = "iPhone Developer";
				COPY_PHASE_STRIP = NO;
				DEBUG_INFORMATION_FORMAT = "dwarf-with-dsym";
				ENABLE_NS_ASSERTIONS = NO;
				ENABLE_STRICT_OBJC_MSGSEND = YES;
				GCC_C_LANGUAGE_STANDARD = gnu11;
				GCC_NO_COMMON_BLOCKS = YES;
				GCC_WARN_64_TO_32_BIT_CONVERSION = YES;
				GCC_WARN_ABOUT_RETURN_TYPE = YES_ERROR;
				GCC_WARN_UNDECLARED_SELECTOR = YES;
				GCC_WARN_UNINITIALIZED_AUTOS = YES_AGGRESSIVE;
				GCC_WARN_UNUSED_FUNCTION = YES;
				GCC_WARN_UNUSED_VARIABLE = YES;
				IPHONEOS_DEPLOYMENT_TARGET = 11.4;
				MTL_ENABLE_DEBUG_INFO = NO;
				SDKROOT = iphoneos;
				SWIFT_COMPILATION_MODE = wholemodule;
				SWIFT_OPTIMIZATION_LEVEL = "-O";
				VALIDATE_PRODUCT = YES;
			};
			name = Release;
		};
		5564C126217E415B0053BAF3 /* Debug */ = {
			isa = XCBuildConfiguration;
			buildSettings = {
				ASSETCATALOG_COMPILER_APPICON_NAME = AppIcon;
				CODE_SIGN_STYLE = Automatic;
				DEVELOPMENT_TEAM = 277JQ5FG9P;
				INFOPLIST_FILE = delegadosEj1/Info.plist;
				LD_RUNPATH_SEARCH_PATHS = (
					"$(inherited)",
					"@executable_path/Frameworks",
				);
				PRODUCT_BUNDLE_IDENTIFIER = tk.markmota.delegadosEj1;
				PRODUCT_NAME = "$(TARGET_NAME)";
				SWIFT_VERSION = 4.0;
				TARGETED_DEVICE_FAMILY = "1,2";
			};
			name = Debug;
		};
		5564C127217E415B0053BAF3 /* Release */ = {
			isa = XCBuildConfiguration;
			buildSettings = {
				ASSETCATALOG_COMPILER_APPICON_NAME = AppIcon;
				CODE_SIGN_STYLE = Automatic;
				DEVELOPMENT_TEAM = 277JQ5FG9P;
				INFOPLIST_FILE = delegadosEj1/Info.plist;
				LD_RUNPATH_SEARCH_PATHS = (
					"$(inherited)",
					"@executable_path/Frameworks",
				);
				PRODUCT_BUNDLE_IDENTIFIER = tk.markmota.delegadosEj1;
				PRODUCT_NAME = "$(TARGET_NAME)";
				SWIFT_VERSION = 4.0;
				TARGETED_DEVICE_FAMILY = "1,2";
			};
			name = Release;
		};
/* End XCBuildConfiguration section */

/* Begin XCConfigurationList section */
		5564C10E217E41550053BAF3 /* Build configuration list for PBXProject "delegadosEj1" */ = {
			isa = XCConfigurationList;
			buildConfigurations = (
				5564C123217E415B0053BAF3 /* Debug */,
				5564C124217E415B0053BAF3 /* Release */,
			);
			defaultConfigurationIsVisible = 0;
			defaultConfigurationName = Release;
		};
		5564C125217E415B0053BAF3 /* Build configuration list for PBXNativeTarget "delegadosEj1" */ = {
			isa = XCConfigurationList;
			buildConfigurations = (
				5564C126217E415B0053BAF3 /* Debug */,
				5564C127217E415B0053BAF3 /* Release */,
			);
			defaultConfigurationIsVisible = 0;
			defaultConfigurationName = Release;
		};
/* End XCConfigurationList section */
	};
	rootObject = 5564C10B217E41550053BAF3 /* Project object */;
}
