// !$*UTF8*$!
{
	archiveVersion = 1;
	classes = {
	};
	objectVersion = 50;
	objects = {

/* Begin PBXBuildFile section */
		55D87D2C215BFB2700EF424F /* AppDelegate.swift in Sources */ = {isa = PBXBuildFile; fileRef = 55D87D2B215BFB2700EF424F /* AppDelegate.swift */; };
		55D87D2E215BFB2700EF424F /* ViewController.swift in Sources */ = {isa = PBXBuildFile; fileRef = 55D87D2D215BFB2700EF424F /* ViewController.swift */; };
		55D87D31215BFB2700EF424F /* Main.storyboard in Resources */ = {isa = PBXBuildFile; fileRef = 55D87D2F215BFB2700EF424F /* Main.storyboard */; };
		55D87D33215BFB2800EF424F /* Assets.xcassets in Resources */ = {isa = PBXBuildFile; fileRef = 55D87D32215BFB2800EF424F /* Assets.xcassets */; };
		55D87D36215BFB2800EF424F /* LaunchScreen.storyboard in Resources */ = {isa = PBXBuildFile; fileRef = 55D87D34215BFB2800EF424F /* LaunchScreen.storyboard */; };
		55D87D3E215BFFE400EF424F /* YellowViewController.swift in Sources */ = {isa = PBXBuildFile; fileRef = 55D87D3D215BFFE400EF424F /* YellowViewController.swift */; };
		55D87D40215C456100EF424F /* TableViewController.swift in Sources */ = {isa = PBXBuildFile; fileRef = 55D87D3F215C456100EF424F /* TableViewController.swift */; };
/* End PBXBuildFile section */

/* Begin PBXFileReference section */
		55D87D28215BFB2700EF424F /* Controls.app */ = {isa = PBXFileReference; explicitFileType = wrapper.application; includeInIndex = 0; path = Controls.app; sourceTree = BUILT_PRODUCTS_DIR; };
		55D87D2B215BFB2700EF424F /* AppDelegate.swift */ = {isa = PBXFileReference; lastKnownFileType = sourcecode.swift; path = AppDelegate.swift; sourceTree = "<group>"; };
		55D87D2D215BFB2700EF424F /* ViewController.swift */ = {isa = PBXFileReference; lastKnownFileType = sourcecode.swift; path = ViewController.swift; sourceTree = "<group>"; };
		55D87D30215BFB2700EF424F /* Base */ = {isa = PBXFileReference; lastKnownFileType = file.storyboard; name = Base; path = Base.lproj/Main.storyboard; sourceTree = "<group>"; };
		55D87D32215BFB2800EF424F /* Assets.xcassets */ = {isa = PBXFileReference; lastKnownFileType = folder.assetcatalog; path = Assets.xcassets; sourceTree = "<group>"; };
		55D87D35215BFB2800EF424F /* Base */ = {isa = PBXFileReference; lastKnownFileType = file.storyboard; name = Base; path = Base.lproj/LaunchScreen.storyboard; sourceTree = "<group>"; };
		55D87D37215BFB2800EF424F /* Info.plist */ = {isa = PBXFileReference; lastKnownFileType = text.plist.xml; path = Info.plist; sourceTree = "<group>"; };
		55D87D3D215BFFE400EF424F /* YellowViewController.swift */ = {isa = PBXFileReference; lastKnownFileType = sourcecode.swift; path = YellowViewController.swift; sourceTree = "<group>"; };
		55D87D3F215C456100EF424F /* TableViewController.swift */ = {isa = PBXFileReference; lastKnownFileType = sourcecode.swift; path = TableViewController.swift; sourceTree = "<group>"; };
/* End PBXFileReference section */

/* Begin PBXFrameworksBuildPhase section */
		55D87D25215BFB2700EF424F /* Frameworks */ = {
			isa = PBXFrameworksBuildPhase;
			buildActionMask = 2147483647;
			files = (
			);
			runOnlyForDeploymentPostprocessing = 0;
		};
/* End PBXFrameworksBuildPhase section */

/* Begin PBXGroup section */
		55D87D1F215BFB2700EF424F = {
			isa = PBXGroup;
			children = (
				55D87D2A215BFB2700EF424F /* Controls */,
				55D87D29215BFB2700EF424F /* Products */,
			);
			sourceTree = "<group>";
		};
		55D87D29215BFB2700EF424F /* Products */ = {
			isa = PBXGroup;
			children = (
				55D87D28215BFB2700EF424F /* Controls.app */,
			);
			name = Products;
			sourceTree = "<group>";
		};
		55D87D2A215BFB2700EF424F /* Controls */ = {
			isa = PBXGroup;
			children = (
				55D87D2B215BFB2700EF424F /* AppDelegate.swift */,
				55D87D2D215BFB2700EF424F /* ViewController.swift */,
				55D87D2F215BFB2700EF424F /* Main.storyboard */,
				55D87D32215BFB2800EF424F /* Assets.xcassets */,
				55D87D34215BFB2800EF424F /* LaunchScreen.storyboard */,
				55D87D37215BFB2800EF424F /* Info.plist */,
				55D87D3D215BFFE400EF424F /* YellowViewController.swift */,
				55D87D3F215C456100EF424F /* TableViewController.swift */,
			);
			path = Controls;
			sourceTree = "<group>";
		};
/* End PBXGroup section */

/* Begin PBXNativeTarget section */
		55D87D27215BFB2700EF424F /* Controls */ = {
			isa = PBXNativeTarget;
			buildConfigurationList = 55D87D3A215BFB2800EF424F /* Build configuration list for PBXNativeTarget "Controls" */;
			buildPhases = (
				55D87D24215BFB2700EF424F /* Sources */,
				55D87D25215BFB2700EF424F /* Frameworks */,
				55D87D26215BFB2700EF424F /* Resources */,
			);
			buildRules = (
			);
			dependencies = (
			);
			name = Controls;
			productName = Controls;
			productReference = 55D87D28215BFB2700EF424F /* Controls.app */;
			productType = "com.apple.product-type.application";
		};
/* End PBXNativeTarget section */

/* Begin PBXProject section */
		55D87D20215BFB2700EF424F /* Project object */ = {
			isa = PBXProject;
			attributes = {
				LastSwiftUpdateCheck = 0940;
				LastUpgradeCheck = 0940;
				ORGANIZATIONNAME = markmota;
				TargetAttributes = {
					55D87D27215BFB2700EF424F = {
						CreatedOnToolsVersion = 9.4.1;
					};
				};
			};
			buildConfigurationList = 55D87D23215BFB2700EF424F /* Build configuration list for PBXProject "Controls" */;
			compatibilityVersion = "Xcode 9.3";
			developmentRegion = en;
			hasScannedForEncodings = 0;
			knownRegions = (
				en,
				Base,
			);
			mainGroup = 55D87D1F215BFB2700EF424F;
			productRefGroup = 55D87D29215BFB2700EF424F /* Products */;
			projectDirPath = "";
			projectRoot = "";
			targets = (
				55D87D27215BFB2700EF424F /* Controls */,
			);
		};
/* End PBXProject section */

/* Begin PBXResourcesBuildPhase section */
		55D87D26215BFB2700EF424F /* Resources */ = {
			isa = PBXResourcesBuildPhase;
			buildActionMask = 2147483647;
			files = (
				55D87D36215BFB2800EF424F /* LaunchScreen.storyboard in Resources */,
				55D87D33215BFB2800EF424F /* Assets.xcassets in Resources */,
				55D87D31215BFB2700EF424F /* Main.storyboard in Resources */,
			);
			runOnlyForDeploymentPostprocessing = 0;
		};
/* End PBXResourcesBuildPhase section */

/* Begin PBXSourcesBuildPhase section */
		55D87D24215BFB2700EF424F /* Sources */ = {
			isa = PBXSourcesBuildPhase;
			buildActionMask = 2147483647;
			files = (
				55D87D2E215BFB2700EF424F /* ViewController.swift in Sources */,
				55D87D3E215BFFE400EF424F /* YellowViewController.swift in Sources */,
				55D87D2C215BFB2700EF424F /* AppDelegate.swift in Sources */,
				55D87D40215C456100EF424F /* TableViewController.swift in Sources */,
			);
			runOnlyForDeploymentPostprocessing = 0;
		};
/* End PBXSourcesBuildPhase section */

/* Begin PBXVariantGroup section */
		55D87D2F215BFB2700EF424F /* Main.storyboard */ = {
			isa = PBXVariantGroup;
			children = (
				55D87D30215BFB2700EF424F /* Base */,
			);
			name = Main.storyboard;
			sourceTree = "<group>";
		};
		55D87D34215BFB2800EF424F /* LaunchScreen.storyboard */ = {
			isa = PBXVariantGroup;
			children = (
				55D87D35215BFB2800EF424F /* Base */,
			);
			name = LaunchScreen.storyboard;
			sourceTree = "<group>";
		};
/* End PBXVariantGroup section */

/* Begin XCBuildConfiguration section */
		55D87D38215BFB2800EF424F /* Debug */ = {
			isa = XCBuildConfiguration;
			buildSettings = {
				ALWAYS_SEARCH_USER_PATHS = NO;
				CLANG_ANALYZER_NONNULL = YES;
				CLANG_ANALYZER_NUMBER_OBJECT_CONVERSION = YES_AGGRESSIVE;
				CLANG_CXX_LANGUAGE_STANDARD = "gnu++14";
				CLANG_CXX_LIBRARY = "libc++";
				CLANG_ENABLE_MODULES = YES;
				CLANG_ENABLE_OBJC_ARC = YES;
				CLANG_ENABLE_OBJC_WEAK = YES;
				CLANG_WARN_BLOCK_CAPTURE_AUTORELEASING = YES;
				CLANG_WARN_BOOL_CONVERSION = YES;
				CLANG_WARN_COMMA = YES;
				CLANG_WARN_CONSTANT_CONVERSION = YES;
				CLANG_WARN_DEPRECATED_OBJC_IMPLEMENTATIONS = YES;
				CLANG_WARN_DIRECT_OBJC_ISA_USAGE = YES_ERROR;
				CLANG_WARN_DOCUMENTATION_COMMENTS = YES;
				CLANG_WARN_EMPTY_BODY = YES;
				CLANG_WARN_ENUM_CONVERSION = YES;
				CLANG_WARN_INFINITE_RECURSION = YES;
				CLANG_WARN_INT_CONVERSION = YES;
				CLANG_WARN_NON_LITERAL_NULL_CONVERSION = YES;
				CLANG_WARN_OBJC_IMPLICIT_RETAIN_SELF = YES;
				CLANG_WARN_OBJC_LITERAL_CONVERSION = YES;
				CLANG_WARN_OBJC_ROOT_CLASS = YES_ERROR;
				CLANG_WARN_RANGE_LOOP_ANALYSIS = YES;
				CLANG_WARN_STRICT_PROTOTYPES = YES;
				CLANG_WARN_SUSPICIOUS_MOVE = YES;
				CLANG_WARN_UNGUARDED_AVAILABILITY = YES_AGGRESSIVE;
				CLANG_WARN_UNREACHABLE_CODE = YES;
				CLANG_WARN__DUPLICATE_METHOD_MATCH = YES;
				CODE_SIGN_IDENTITY = "iPhone Developer";
				COPY_PHASE_STRIP = NO;
				DEBUG_INFORMATION_FORMAT = dwarf;
				ENABLE_STRICT_OBJC_MSGSEND = YES;
				ENABLE_TESTABILITY = YES;
				GCC_C_LANGUAGE_STANDARD = gnu11;
				GCC_DYNAMIC_NO_PIC = NO;
				GCC_NO_COMMON_BLOCKS = YES;
				GCC_OPTIMIZATION_LEVEL = 0;
				GCC_PREPROCESSOR_DEFINITIONS = (
					"DEBUG=1",
					"$(inherited)",
				);
				GCC_WARN_64_TO_32_BIT_CONVERSION = YES;
				GCC_WARN_ABOUT_RETURN_TYPE = YES_ERROR;
				GCC_WARN_UNDECLARED_SELECTOR = YES;
				GCC_WARN_UNINITIALIZED_AUTOS = YES_AGGRESSIVE;
				GCC_WARN_UNUSED_FUNCTION = YES;
				GCC_WARN_UNUSED_VARIABLE = YES;
				IPHONEOS_DEPLOYMENT_TARGET = 11.4;
				MTL_ENABLE_DEBUG_INFO = YES;
				ONLY_ACTIVE_ARCH = YES;
				SDKROOT = iphoneos;
				SWIFT_ACTIVE_COMPILATION_CONDITIONS = DEBUG;
				SWIFT_OPTIMIZATION_LEVEL = "-Onone";
			};
			name = Debug;
		};
		55D87D39215BFB2800EF424F /* Release */ = {
			isa = XCBuildConfiguration;
			buildSettings = {
				ALWAYS_SEARCH_USER_PATHS = NO;
				CLANG_ANALYZER_NONNULL = YES;
				CLANG_ANALYZER_NUMBER_OBJECT_CONVERSION = YES_AGGRESSIVE;
				CLANG_CXX_LANGUAGE_STANDARD = "gnu++14";
				CLANG_CXX_LIBRARY = "libc++";
				CLANG_ENABLE_MODULES = YES;
				CLANG_ENABLE_OBJC_ARC = YES;
				CLANG_ENABLE_OBJC_WEAK = YES;
				CLANG_WARN_BLOCK_CAPTURE_AUTORELEASING = YES;
				CLANG_WARN_BOOL_CONVERSION = YES;
				CLANG_WARN_COMMA = YES;
				CLANG_WARN_CONSTANT_CONVERSION = YES;
				CLANG_WARN_DEPRECATED_OBJC_IMPLEMENTATIONS = YES;
				CLANG_WARN_DIRECT_OBJC_ISA_USAGE = YES_ERROR;
				CLANG_WARN_DOCUMENTATION_COMMENTS = YES;
				CLANG_WARN_EMPTY_BODY = YES;
				CLANG_WARN_ENUM_CONVERSION = YES;
				CLANG_WARN_INFINITE_RECURSION = YES;
				CLANG_WARN_INT_CONVERSION = YES;
				CLANG_WARN_NON_LITERAL_NULL_CONVERSION = YES;
				CLANG_WARN_OBJC_IMPLICIT_RETAIN_SELF = YES;
				CLANG_WARN_OBJC_LITERAL_CONVERSION = YES;
				CLANG_WARN_OBJC_ROOT_CLASS = YES_ERROR;
				CLANG_WARN_RANGE_LOOP_ANALYSIS = YES;
				CLANG_WARN_STRICT_PROTOTYPES = YES;
				CLANG_WARN_SUSPICIOUS_MOVE = YES;
				CLANG_WARN_UNGUARDED_AVAILABILITY = YES_AGGRESSIVE;
				CLANG_WARN_UNREACHABLE_CODE = YES;
				CLANG_WARN__DUPLICATE_METHOD_MATCH = YES;
				CODE_SIGN_IDENTITY = "iPhone Developer";
				COPY_PHASE_STRIP = NO;
				DEBUG_INFORMATION_FORMAT = "dwarf-with-dsym";
				ENABLE_NS_ASSERTIONS = NO;
				ENABLE_STRICT_OBJC_MSGSEND = YES;
				GCC_C_LANGUAGE_STANDARD = gnu11;
				GCC_NO_COMMON_BLOCKS = YES;
				GCC_WARN_64_TO_32_BIT_CONVERSION = YES;
				GCC_WARN_ABOUT_RETURN_TYPE = YES_ERROR;
				GCC_WARN_UNDECLARED_SELECTOR = YES;
				GCC_WARN_UNINITIALIZED_AUTOS = YES_AGGRESSIVE;
				GCC_WARN_UNUSED_FUNCTION = YES;
				GCC_WARN_UNUSED_VARIABLE = YES;
				IPHONEOS_DEPLOYMENT_TARGET = 11.4;
				MTL_ENABLE_DEBUG_INFO = NO;
				SDKROOT = iphoneos;
				SWIFT_COMPILATION_MODE = wholemodule;
				SWIFT_OPTIMIZATION_LEVEL = "-O";
				VALIDATE_PRODUCT = YES;
			};
			name = Release;
		};
		55D87D3B215BFB2800EF424F /* Debug */ = {
			isa = XCBuildConfiguration;
			buildSettings = {
				ASSETCATALOG_COMPILER_APPICON_NAME = AppIcon;
				CODE_SIGN_STYLE = Automatic;
				DEVELOPMENT_TEAM = 277JQ5FG9P;
				INFOPLIST_FILE = Controls/Info.plist;
				LD_RUNPATH_SEARCH_PATHS = (
					"$(inherited)",
					"@executable_path/Frameworks",
				);
				PRODUCT_BUNDLE_IDENTIFIER = tk.markmota.Controls;
				PRODUCT_NAME = "$(TARGET_NAME)";
				SWIFT_VERSION = 4.0;
				TARGETED_DEVICE_FAMILY = "1,2";
			};
			name = Debug;
		};
		55D87D3C215BFB2800EF424F /* Release */ = {
			isa = XCBuildConfiguration;
			buildSettings = {
				ASSETCATALOG_COMPILER_APPICON_NAME = AppIcon;
				CODE_SIGN_STYLE = Automatic;
				DEVELOPMENT_TEAM = 277JQ5FG9P;
				INFOPLIST_FILE = Controls/Info.plist;
				LD_RUNPATH_SEARCH_PATHS = (
					"$(inherited)",
					"@executable_path/Frameworks",
				);
				PRODUCT_BUNDLE_IDENTIFIER = tk.markmota.Controls;
				PRODUCT_NAME = "$(TARGET_NAME)";
				SWIFT_VERSION = 4.0;
				TARGETED_DEVICE_FAMILY = "1,2";
			};
			name = Release;
		};
/* End XCBuildConfiguration section */

/* Begin XCConfigurationList section */
		55D87D23215BFB2700EF424F /* Build configuration list for PBXProject "Controls" */ = {
			isa = XCConfigurationList;
			buildConfigurations = (
				55D87D38215BFB2800EF424F /* Debug */,
				55D87D39215BFB2800EF424F /* Release */,
			);
			defaultConfigurationIsVisible = 0;
			defaultConfigurationName = Release;
		};
		55D87D3A215BFB2800EF424F /* Build configuration list for PBXNativeTarget "Controls" */ = {
			isa = XCConfigurationList;
			buildConfigurations = (
				55D87D3B215BFB2800EF424F /* Debug */,
				55D87D3C215BFB2800EF424F /* Release */,
			);
			defaultConfigurationIsVisible = 0;
			defaultConfigurationName = Release;
		};
/* End XCConfigurationList section */
	};
	rootObject = 55D87D20215BFB2700EF424F /* Project object */;
}
